<?xml version="1.0" encoding="UTF-8"?>
<!DOCTYPE plist PUBLIC "-//Apple//DTD PLIST 1.0//EN" "http://www.apple.com/DTDs/PropertyList-1.0.dtd">
<plist version="1.0">
<dict>
	<key>archiveVersion</key>
	<string>1</string>
	<key>classes</key>
	<dict/>
	<key>objectVersion</key>
	<string>46</string>
	<key>objects</key>
	<dict>
		<key>143C2CDC18203DBB00DFCD05</key>
		<dict>
			<key>isa</key>
			<string>PBXFileReference</string>
			<key>lastKnownFileType</key>
			<string>wrapper.framework</string>
			<key>path</key>
			<string>Parse.framework</string>
			<key>sourceTree</key>
			<string>&lt;group&gt;</string>
		</dict>
		<key>143C2CDD18203DBB00DFCD05</key>
		<dict>
			<key>fileRef</key>
			<string>143C2CDC18203DBB00DFCD05</string>
			<key>isa</key>
			<string>PBXBuildFile</string>
		</dict>
		<key>143C2CDE182058B900DFCD05</key>
		<dict>
			<key>isa</key>
			<string>PBXFileReference</string>
			<key>lastKnownFileType</key>
			<string>wrapper.framework</string>
			<key>path</key>
			<string>FacebookSDK.framework</string>
			<key>sourceTree</key>
			<string>&lt;group&gt;</string>
		</dict>
		<key>143C2CDF182058B900DFCD05</key>
		<dict>
			<key>fileRef</key>
			<string>143C2CDE182058B900DFCD05</string>
			<key>isa</key>
			<string>PBXBuildFile</string>
		</dict>
		<key>3661B7D7205C4E76A22A2FFC</key>
		<dict>
			<key>includeInIndex</key>
			<string>1</string>
			<key>isa</key>
			<string>PBXFileReference</string>
			<key>lastKnownFileType</key>
			<string>text.xcconfig</string>
			<key>name</key>
			<string>Pods-twiz.xcconfig</string>
			<key>path</key>
			<string>Pods/Pods-twiz.xcconfig</string>
			<key>sourceTree</key>
			<string>&lt;group&gt;</string>
		</dict>
		<key>376C5668372A49D8B28C0205</key>
		<dict>
			<key>fileRef</key>
			<string>67DAB34647AF4A0BA6DB9E6C</string>
			<key>isa</key>
			<string>PBXBuildFile</string>
		</dict>
		<key>3B20C9436BEE40E5A34C3212</key>
		<dict>
			<key>buildActionMask</key>
			<string>2147483647</string>
			<key>files</key>
			<array/>
			<key>inputPaths</key>
			<array/>
			<key>isa</key>
			<string>PBXShellScriptBuildPhase</string>
			<key>name</key>
			<string>Check Pods Manifest.lock</string>
			<key>outputPaths</key>
			<array/>
			<key>runOnlyForDeploymentPostprocessing</key>
			<string>0</string>
			<key>shellPath</key>
			<string>/bin/sh</string>
			<key>shellScript</key>
			<string>diff "${PODS_ROOT}/../Podfile.lock" "${PODS_ROOT}/Manifest.lock" &gt; /dev/null
if [[ $? != 0 ]] ; then
    cat &lt;&lt; EOM
error: The sandbox is not in sync with the Podfile.lock. Run 'pod install' or update your CocoaPods installation.
EOM
    exit 1
fi
</string>
			<key>showEnvVarsInLog</key>
			<string>0</string>
		</dict>
		<key>67DAB34647AF4A0BA6DB9E6C</key>
		<dict>
			<key>explicitFileType</key>
			<string>archive.ar</string>
			<key>includeInIndex</key>
			<string>0</string>
			<key>isa</key>
			<string>PBXFileReference</string>
			<key>path</key>
			<string>libPods-twiz.a</string>
			<key>sourceTree</key>
			<string>BUILT_PRODUCTS_DIR</string>
		</dict>
		<key>741203C415900A3C00820BE9</key>
		<dict>
			<key>children</key>
			<array>
				<string>F57F8D13195A738600DAB0B8</string>
				<string>F5DAC8A1195A25AE00CBE038</string>
				<string>F5229047193ED5B300D0160A</string>
				<string>C4FD613517286AC800F61563</string>
				<string>C4FD613717286ACD00F61563</string>
				<string>C4BBB7C016FD2D73003CA3F7</string>
				<string>C4BBB7BF16FD2D73003CA3F7</string>
				<string>C4BBB7C116FD2D73003CA3F7</string>
				<string>747F007015951A58000F601E</string>
			</array>
			<key>isa</key>
			<string>PBXGroup</string>
			<key>name</key>
			<string>Assets</string>
			<key>path</key>
			<string>LogInAndSignUpDemo</string>
			<key>sourceTree</key>
			<string>&lt;group&gt;</string>
		</dict>
		<key>74366E97158AAE0F00A17D8A</key>
		<dict>
			<key>children</key>
			<array>
				<string>74366EAC158AAE1000A17D8A</string>
				<string>741203C415900A3C00820BE9</string>
				<string>74366EAD158AAE1000A17D8A</string>
				<string>74366EA5158AAE0F00A17D8A</string>
				<string>74366EA3158AAE0F00A17D8A</string>
				<string>3661B7D7205C4E76A22A2FFC</string>
			</array>
			<key>isa</key>
			<string>PBXGroup</string>
			<key>sourceTree</key>
			<string>&lt;group&gt;</string>
		</dict>
		<key>74366E99158AAE0F00A17D8A</key>
		<dict>
			<key>attributes</key>
			<dict>
				<key>LastUpgradeCheck</key>
				<string>0430</string>
			</dict>
			<key>buildConfigurationList</key>
			<string>74366E9C158AAE0F00A17D8A</string>
			<key>compatibilityVersion</key>
			<string>Xcode 3.2</string>
			<key>developmentRegion</key>
			<string>English</string>
			<key>hasScannedForEncodings</key>
			<string>0</string>
			<key>isa</key>
			<string>PBXProject</string>
			<key>knownRegions</key>
			<array>
				<string>en</string>
			</array>
			<key>mainGroup</key>
			<string>74366E97158AAE0F00A17D8A</string>
			<key>productRefGroup</key>
			<string>74366EA3158AAE0F00A17D8A</string>
			<key>projectDirPath</key>
			<string></string>
			<key>projectReferences</key>
			<array/>
			<key>projectRoot</key>
			<string></string>
			<key>targets</key>
			<array>
				<string>74366EA1158AAE0F00A17D8A</string>
			</array>
		</dict>
		<key>74366E9C158AAE0F00A17D8A</key>
		<dict>
			<key>buildConfigurations</key>
			<array>
				<string>74366EB8158AAE1000A17D8A</string>
				<string>74366EB9158AAE1000A17D8A</string>
			</array>
			<key>defaultConfigurationIsVisible</key>
			<string>0</string>
			<key>defaultConfigurationName</key>
			<string>Release</string>
			<key>isa</key>
			<string>XCConfigurationList</string>
		</dict>
		<key>74366E9E158AAE0F00A17D8A</key>
		<dict>
			<key>buildActionMask</key>
			<string>2147483647</string>
			<key>files</key>
			<array>
				<string>74366EB3158AAE1000A17D8A</string>
				<string>F522904E193EDBC700D0160A</string>
				<string>F522905E193EDDF400D0160A</string>
				<string>F57F8D17195A751F00DAB0B8</string>
				<string>74366EB7158AAE1000A17D8A</string>
				<string>74366EFA158B95C800A17D8A</string>
				<string>F50C4D8B19450D480041971F</string>
				<string>74366F03158B973C00A17D8A</string>
				<string>F522905F193EDDF400D0160A</string>
				<string>F522904F193EDBC700D0160A</string>
				<string>F5229060193EDDF400D0160A</string>
				<string>F5DAC7A119514DBC00CBE038</string>
				<string>F5DAC7A519514E0900CBE038</string>
			</array>
			<key>isa</key>
			<string>PBXSourcesBuildPhase</string>
			<key>runOnlyForDeploymentPostprocessing</key>
			<string>0</string>
		</dict>
		<key>74366E9F158AAE0F00A17D8A</key>
		<dict>
			<key>buildActionMask</key>
			<string>2147483647</string>
			<key>files</key>
			<array>
				<string>C4BBB7BE16FD2B7D003CA3F7</string>
				<string>C4BBB7BA16FD2B0F003CA3F7</string>
				<string>C4BBB7BB16FD2B0F003CA3F7</string>
				<string>C4BBB7BC16FD2B0F003CA3F7</string>
				<string>C4BBB7B516FD2ABC003CA3F7</string>
				<string>143C2CDF182058B900DFCD05</string>
				<string>C4BBB7B616FD2ABC003CA3F7</string>
				<string>74366ECA158AB00E00A17D8A</string>
				<string>74366EC3158AAF7E00A17D8A</string>
				<string>74366EC4158AAF7E00A17D8A</string>
				<string>74366EC5158AAF7E00A17D8A</string>
				<string>143C2CDD18203DBB00DFCD05</string>
				<string>74366EC6158AAF7E00A17D8A</string>
				<string>74366EC7158AAF7E00A17D8A</string>
				<string>74366EC8158AAF7E00A17D8A</string>
				<string>74366EA7158AAE0F00A17D8A</string>
				<string>74366EA9158AAE0F00A17D8A</string>
				<string>74366EAB158AAE1000A17D8A</string>
				<string>376C5668372A49D8B28C0205</string>
			</array>
			<key>isa</key>
			<string>PBXFrameworksBuildPhase</string>
			<key>runOnlyForDeploymentPostprocessing</key>
			<string>0</string>
		</dict>
		<key>74366EA0158AAE0F00A17D8A</key>
		<dict>
			<key>buildActionMask</key>
			<string>2147483647</string>
			<key>files</key>
			<array>
				<string>F5229061193EDDF400D0160A</string>
				<string>F5DAC8A2195A25AE00CBE038</string>
				<string>F5228FA71938F5D400D0160A</string>
				<string>F5228FA81938F5D400D0160A</string>
				<string>F5229048193ED5B400D0160A</string>
				<string>F5228FA91938F5D400D0160A</string>
				<string>F5228FAA1938F5D400D0160A</string>
				<string>74366EB1158AAE1000A17D8A</string>
				<string>74366EFB158B95C800A17D8A</string>
				<string>F5228FAF193900DA00D0160A</string>
				<string>747F007C15951A58000F601E</string>
				<string>C4BBB7C216FD2D73003CA3F7</string>
				<string>C4BBB7C316FD2D73003CA3F7</string>
				<string>F57F8D14195A738600DAB0B8</string>
				<string>C4BBB7C416FD2D73003CA3F7</string>
				<string>C4FD613617286AC800F61563</string>
				<string>C4FD613817286ACD00F61563</string>
			</array>
			<key>isa</key>
			<string>PBXResourcesBuildPhase</string>
			<key>runOnlyForDeploymentPostprocessing</key>
			<string>0</string>
		</dict>
		<key>74366EA1158AAE0F00A17D8A</key>
		<dict>
			<key>buildConfigurationList</key>
			<string>74366EBA158AAE1000A17D8A</string>
			<key>buildPhases</key>
			<array>
				<string>3B20C9436BEE40E5A34C3212</string>
				<string>74366E9E158AAE0F00A17D8A</string>
				<string>74366E9F158AAE0F00A17D8A</string>
				<string>74366EA0158AAE0F00A17D8A</string>
				<string>BCF606124168401A8FAA1F1B</string>
			</array>
			<key>buildRules</key>
			<array/>
			<key>dependencies</key>
			<array/>
			<key>isa</key>
			<string>PBXNativeTarget</string>
			<key>name</key>
			<string>twiz</string>
			<key>productName</key>
			<string>LogInAndSignUpDemo</string>
			<key>productReference</key>
			<string>74366EA2158AAE0F00A17D8A</string>
			<key>productType</key>
			<string>com.apple.product-type.application</string>
		</dict>
		<key>74366EA2158AAE0F00A17D8A</key>
		<dict>
			<key>explicitFileType</key>
			<string>wrapper.application</string>
			<key>includeInIndex</key>
			<string>0</string>
			<key>isa</key>
			<string>PBXFileReference</string>
			<key>path</key>
			<string>twiz.app</string>
			<key>sourceTree</key>
			<string>BUILT_PRODUCTS_DIR</string>
		</dict>
		<key>74366EA3158AAE0F00A17D8A</key>
		<dict>
			<key>children</key>
			<array>
				<string>74366EA2158AAE0F00A17D8A</string>
			</array>
			<key>isa</key>
			<string>PBXGroup</string>
			<key>name</key>
			<string>Products</string>
			<key>sourceTree</key>
			<string>&lt;group&gt;</string>
		</dict>
		<key>74366EA5158AAE0F00A17D8A</key>
		<dict>
			<key>children</key>
			<array>
				<string>143C2CDE182058B900DFCD05</string>
				<string>143C2CDC18203DBB00DFCD05</string>
				<string>C4BBB7BD16FD2B7D003CA3F7</string>
				<string>C4BBB7B716FD2B0F003CA3F7</string>
				<string>C4BBB7B816FD2B0F003CA3F7</string>
				<string>C4BBB7B916FD2B0F003CA3F7</string>
				<string>C4BBB7B316FD2ABC003CA3F7</string>
				<string>C4BBB7B416FD2ABC003CA3F7</string>
				<string>74366EBD158AAF7E00A17D8A</string>
				<string>74366EBE158AAF7E00A17D8A</string>
				<string>74366EAA158AAE0F00A17D8A</string>
				<string>74366EA8158AAE0F00A17D8A</string>
				<string>74366EBF158AAF7E00A17D8A</string>
				<string>74366EC0158AAF7E00A17D8A</string>
				<string>74366EC1158AAF7E00A17D8A</string>
				<string>74366EC2158AAF7E00A17D8A</string>
				<string>74366EA6158AAE0F00A17D8A</string>
				<string>74366EC9158AB00E00A17D8A</string>
				<string>67DAB34647AF4A0BA6DB9E6C</string>
			</array>
			<key>isa</key>
			<string>PBXGroup</string>
			<key>name</key>
			<string>Frameworks</string>
			<key>sourceTree</key>
			<string>&lt;group&gt;</string>
		</dict>
		<key>74366EA6158AAE0F00A17D8A</key>
		<dict>
			<key>isa</key>
			<string>PBXFileReference</string>
			<key>lastKnownFileType</key>
			<string>wrapper.framework</string>
			<key>name</key>
			<string>UIKit.framework</string>
			<key>path</key>
			<string>System/Library/Frameworks/UIKit.framework</string>
			<key>sourceTree</key>
			<string>SDKROOT</string>
		</dict>
		<key>74366EA7158AAE0F00A17D8A</key>
		<dict>
			<key>fileRef</key>
			<string>74366EA6158AAE0F00A17D8A</string>
			<key>isa</key>
			<string>PBXBuildFile</string>
		</dict>
		<key>74366EA8158AAE0F00A17D8A</key>
		<dict>
			<key>isa</key>
			<string>PBXFileReference</string>
			<key>lastKnownFileType</key>
			<string>wrapper.framework</string>
			<key>name</key>
			<string>Foundation.framework</string>
			<key>path</key>
			<string>System/Library/Frameworks/Foundation.framework</string>
			<key>sourceTree</key>
			<string>SDKROOT</string>
		</dict>
		<key>74366EA9158AAE0F00A17D8A</key>
		<dict>
			<key>fileRef</key>
			<string>74366EA8158AAE0F00A17D8A</string>
			<key>isa</key>
			<string>PBXBuildFile</string>
		</dict>
		<key>74366EAA158AAE0F00A17D8A</key>
		<dict>
			<key>isa</key>
			<string>PBXFileReference</string>
			<key>lastKnownFileType</key>
			<string>wrapper.framework</string>
			<key>name</key>
			<string>CoreGraphics.framework</string>
			<key>path</key>
			<string>System/Library/Frameworks/CoreGraphics.framework</string>
			<key>sourceTree</key>
			<string>SDKROOT</string>
		</dict>
		<key>74366EAB158AAE1000A17D8A</key>
		<dict>
			<key>fileRef</key>
			<string>74366EAA158AAE0F00A17D8A</string>
			<key>isa</key>
			<string>PBXBuildFile</string>
		</dict>
		<key>74366EAC158AAE1000A17D8A</key>
		<dict>
			<key>children</key>
			<array>
				<string>74366EB5158AAE1000A17D8A</string>
				<string>74366EB6158AAE1000A17D8A</string>
				<string>74366EF6158B959200A17D8A</string>
				<string>F5DAC7A219514DD300CBE038</string>
				<string>F5229049193EDBC700D0160A</string>
			</array>
			<key>isa</key>
			<string>PBXGroup</string>
			<key>name</key>
			<string>twiz files</string>
			<key>path</key>
			<string>LogInAndSignUpDemo</string>
			<key>sourceTree</key>
			<string>&lt;group&gt;</string>
		</dict>
		<key>74366EAD158AAE1000A17D8A</key>
		<dict>
			<key>children</key>
			<array>
				<string>F5228FA31938F58500D0160A</string>
				<string>F5228FA41938F58500D0160A</string>
				<string>F5228FA51938F58500D0160A</string>
				<string>F5228FA61938F58500D0160A</string>
				<string>74366EAE158AAE1000A17D8A</string>
				<string>74366EAF158AAE1000A17D8A</string>
				<string>74366EB2158AAE1000A17D8A</string>
				<string>74366EB4158AAE1000A17D8A</string>
			</array>
			<key>isa</key>
			<string>PBXGroup</string>
			<key>name</key>
			<string>Supporting Files</string>
			<key>path</key>
			<string>LogInAndSignUpDemo</string>
			<key>sourceTree</key>
			<string>&lt;group&gt;</string>
		</dict>
		<key>74366EAE158AAE1000A17D8A</key>
		<dict>
			<key>isa</key>
			<string>PBXFileReference</string>
			<key>lastKnownFileType</key>
			<string>text.plist.xml</string>
			<key>path</key>
			<string>twiz-Info.plist</string>
			<key>sourceTree</key>
			<string>&lt;group&gt;</string>
		</dict>
		<key>74366EAF158AAE1000A17D8A</key>
		<dict>
			<key>children</key>
			<array>
				<string>74366EB0158AAE1000A17D8A</string>
			</array>
			<key>isa</key>
			<string>PBXVariantGroup</string>
			<key>name</key>
			<string>InfoPlist.strings</string>
			<key>sourceTree</key>
			<string>&lt;group&gt;</string>
		</dict>
		<key>74366EB0158AAE1000A17D8A</key>
		<dict>
			<key>isa</key>
			<string>PBXFileReference</string>
			<key>lastKnownFileType</key>
			<string>text.plist.strings</string>
			<key>name</key>
			<string>en</string>
			<key>path</key>
			<string>en.lproj/InfoPlist.strings</string>
			<key>sourceTree</key>
			<string>&lt;group&gt;</string>
		</dict>
		<key>74366EB1158AAE1000A17D8A</key>
		<dict>
			<key>fileRef</key>
			<string>74366EAF158AAE1000A17D8A</string>
			<key>isa</key>
			<string>PBXBuildFile</string>
		</dict>
		<key>74366EB2158AAE1000A17D8A</key>
		<dict>
			<key>isa</key>
			<string>PBXFileReference</string>
			<key>lastKnownFileType</key>
			<string>sourcecode.c.objc</string>
			<key>path</key>
			<string>main.m</string>
			<key>sourceTree</key>
			<string>&lt;group&gt;</string>
		</dict>
		<key>74366EB3158AAE1000A17D8A</key>
		<dict>
			<key>fileRef</key>
			<string>74366EB2158AAE1000A17D8A</string>
			<key>isa</key>
			<string>PBXBuildFile</string>
		</dict>
		<key>74366EB4158AAE1000A17D8A</key>
		<dict>
			<key>isa</key>
			<string>PBXFileReference</string>
			<key>lastKnownFileType</key>
			<string>sourcecode.c.h</string>
			<key>path</key>
			<string>twiz-Prefix.pch</string>
			<key>sourceTree</key>
			<string>&lt;group&gt;</string>
		</dict>
		<key>74366EB5158AAE1000A17D8A</key>
		<dict>
			<key>isa</key>
			<string>PBXFileReference</string>
			<key>lastKnownFileType</key>
			<string>sourcecode.c.h</string>
			<key>path</key>
			<string>AppDelegate.h</string>
			<key>sourceTree</key>
			<string>&lt;group&gt;</string>
		</dict>
		<key>74366EB6158AAE1000A17D8A</key>
		<dict>
			<key>isa</key>
			<string>PBXFileReference</string>
			<key>lastKnownFileType</key>
			<string>sourcecode.c.objc</string>
			<key>path</key>
			<string>AppDelegate.m</string>
			<key>sourceTree</key>
			<string>&lt;group&gt;</string>
		</dict>
		<key>74366EB7158AAE1000A17D8A</key>
		<dict>
			<key>fileRef</key>
			<string>74366EB6158AAE1000A17D8A</string>
			<key>isa</key>
			<string>PBXBuildFile</string>
		</dict>
		<key>74366EB8158AAE1000A17D8A</key>
		<dict>
			<key>buildSettings</key>
			<dict>
				<key>ALWAYS_SEARCH_USER_PATHS</key>
				<string>NO</string>
				<key>ARCHS</key>
				<string>$(ARCHS_STANDARD_32_BIT)</string>
				<key>CLANG_ENABLE_OBJC_ARC</key>
				<string>YES</string>
				<key>CODE_SIGN_IDENTITY[sdk=iphoneos*]</key>
				<string>iPhone Developer</string>
				<key>COPY_PHASE_STRIP</key>
				<string>NO</string>
				<key>GCC_C_LANGUAGE_STANDARD</key>
				<string>gnu99</string>
				<key>GCC_DYNAMIC_NO_PIC</key>
				<string>NO</string>
				<key>GCC_OPTIMIZATION_LEVEL</key>
				<string>0</string>
				<key>GCC_PREPROCESSOR_DEFINITIONS</key>
				<array>
					<string>DEBUG=1</string>
					<string>$(inherited)</string>
				</array>
				<key>GCC_SYMBOLS_PRIVATE_EXTERN</key>
				<string>NO</string>
				<key>GCC_VERSION</key>
				<string>com.apple.compilers.llvm.clang.1_0</string>
				<key>GCC_WARN_ABOUT_RETURN_TYPE</key>
				<string>YES</string>
				<key>GCC_WARN_UNINITIALIZED_AUTOS</key>
				<string>YES</string>
				<key>GCC_WARN_UNUSED_VARIABLE</key>
				<string>YES</string>
				<key>IPHONEOS_DEPLOYMENT_TARGET</key>
				<string>5.0</string>
				<key>SDKROOT</key>
				<string>iphoneos</string>
			</dict>
			<key>isa</key>
			<string>XCBuildConfiguration</string>
			<key>name</key>
			<string>Debug</string>
		</dict>
		<key>74366EB9158AAE1000A17D8A</key>
		<dict>
			<key>buildSettings</key>
			<dict>
				<key>ALWAYS_SEARCH_USER_PATHS</key>
				<string>NO</string>
				<key>ARCHS</key>
				<string>$(ARCHS_STANDARD_32_BIT)</string>
				<key>CLANG_ENABLE_OBJC_ARC</key>
				<string>YES</string>
				<key>CODE_SIGN_IDENTITY[sdk=iphoneos*]</key>
				<string>iPhone Developer</string>
				<key>COPY_PHASE_STRIP</key>
				<string>YES</string>
				<key>GCC_C_LANGUAGE_STANDARD</key>
				<string>gnu99</string>
				<key>GCC_VERSION</key>
				<string>com.apple.compilers.llvm.clang.1_0</string>
				<key>GCC_WARN_ABOUT_RETURN_TYPE</key>
				<string>YES</string>
				<key>GCC_WARN_UNINITIALIZED_AUTOS</key>
				<string>YES</string>
				<key>GCC_WARN_UNUSED_VARIABLE</key>
				<string>YES</string>
				<key>IPHONEOS_DEPLOYMENT_TARGET</key>
				<string>5.0</string>
				<key>OTHER_CFLAGS</key>
				<string>-DNS_BLOCK_ASSERTIONS=1</string>
				<key>SDKROOT</key>
				<string>iphoneos</string>
				<key>VALIDATE_PRODUCT</key>
				<string>YES</string>
			</dict>
			<key>isa</key>
			<string>XCBuildConfiguration</string>
			<key>name</key>
			<string>Release</string>
		</dict>
		<key>74366EBA158AAE1000A17D8A</key>
		<dict>
			<key>buildConfigurations</key>
			<array>
				<string>74366EBB158AAE1000A17D8A</string>
				<string>74366EBC158AAE1000A17D8A</string>
			</array>
			<key>defaultConfigurationIsVisible</key>
			<string>0</string>
			<key>defaultConfigurationName</key>
			<string>Release</string>
			<key>isa</key>
			<string>XCConfigurationList</string>
		</dict>
		<key>74366EBB158AAE1000A17D8A</key>
		<dict>
			<key>baseConfigurationReference</key>
			<string>3661B7D7205C4E76A22A2FFC</string>
			<key>buildSettings</key>
			<dict>
				<key>FRAMEWORK_SEARCH_PATHS</key>
				<array>
					<string>$(inherited)</string>
					<string>$(SRCROOT)</string>
					<string>/Users/fjm/git/SampleAppsPrivate/LoginAndSignUpTutorial</string>
				</array>
				<key>GCC_PRECOMPILE_PREFIX_HEADER</key>
				<string>YES</string>
				<key>GCC_PREFIX_HEADER</key>
				<string>LogInAndSignUpDemo/twiz-Prefix.pch</string>
				<key>INFOPLIST_FILE</key>
				<string>LogInAndSignUpDemo/twiz-Info.plist</string>
				<key>IPHONEOS_DEPLOYMENT_TARGET</key>
				<string>7.0</string>
				<key>OTHER_LDFLAGS</key>
				<array>
					<string>-ObjC</string>
					<string>-lsqlite3.0</string>
				</array>
				<key>PRODUCT_NAME</key>
				<string>twiz</string>
				<key>WRAPPER_EXTENSION</key>
				<string>app</string>
			</dict>
			<key>isa</key>
			<string>XCBuildConfiguration</string>
			<key>name</key>
			<string>Debug</string>
		</dict>
		<key>74366EBC158AAE1000A17D8A</key>
		<dict>
			<key>baseConfigurationReference</key>
			<string>3661B7D7205C4E76A22A2FFC</string>
			<key>buildSettings</key>
			<dict>
				<key>FRAMEWORK_SEARCH_PATHS</key>
				<array>
					<string>$(inherited)</string>
					<string>$(SRCROOT)</string>
					<string>/Users/fjm/git/SampleAppsPrivate/LoginAndSignUpTutorial</string>
				</array>
				<key>GCC_PRECOMPILE_PREFIX_HEADER</key>
				<string>YES</string>
				<key>GCC_PREFIX_HEADER</key>
				<string>LogInAndSignUpDemo/twiz-Prefix.pch</string>
				<key>INFOPLIST_FILE</key>
				<string>LogInAndSignUpDemo/twiz-Info.plist</string>
				<key>IPHONEOS_DEPLOYMENT_TARGET</key>
				<string>7.0</string>
				<key>OTHER_LDFLAGS</key>
				<array>
					<string>-ObjC</string>
					<string>-lsqlite3.0</string>
				</array>
				<key>PRODUCT_NAME</key>
				<string>twiz</string>
				<key>WRAPPER_EXTENSION</key>
				<string>app</string>
			</dict>
			<key>isa</key>
			<string>XCBuildConfiguration</string>
			<key>name</key>
			<string>Release</string>
		</dict>
		<key>74366EBD158AAF7E00A17D8A</key>
		<dict>
			<key>isa</key>
			<string>PBXFileReference</string>
			<key>lastKnownFileType</key>
			<string>wrapper.framework</string>
			<key>name</key>
			<string>AudioToolbox.framework</string>
			<key>path</key>
			<string>System/Library/Frameworks/AudioToolbox.framework</string>
			<key>sourceTree</key>
			<string>SDKROOT</string>
		</dict>
		<key>74366EBE158AAF7E00A17D8A</key>
		<dict>
			<key>isa</key>
			<string>PBXFileReference</string>
			<key>lastKnownFileType</key>
			<string>wrapper.framework</string>
			<key>name</key>
			<string>CFNetwork.framework</string>
			<key>path</key>
			<string>System/Library/Frameworks/CFNetwork.framework</string>
			<key>sourceTree</key>
			<string>SDKROOT</string>
		</dict>
		<key>74366EBF158AAF7E00A17D8A</key>
		<dict>
			<key>isa</key>
			<string>PBXFileReference</string>
			<key>lastKnownFileType</key>
			<string>compiled.mach-o.dylib</string>
			<key>name</key>
			<string>libz.1.1.3.dylib</string>
			<key>path</key>
			<string>usr/lib/libz.1.1.3.dylib</string>
			<key>sourceTree</key>
			<string>SDKROOT</string>
		</dict>
		<key>74366EC0158AAF7E00A17D8A</key>
		<dict>
			<key>isa</key>
			<string>PBXFileReference</string>
			<key>lastKnownFileType</key>
			<string>wrapper.framework</string>
			<key>name</key>
			<string>MobileCoreServices.framework</string>
			<key>path</key>
			<string>System/Library/Frameworks/MobileCoreServices.framework</string>
			<key>sourceTree</key>
			<string>SDKROOT</string>
		</dict>
		<key>74366EC1158AAF7E00A17D8A</key>
		<dict>
			<key>isa</key>
			<string>PBXFileReference</string>
			<key>lastKnownFileType</key>
			<string>wrapper.framework</string>
			<key>name</key>
			<string>Security.framework</string>
			<key>path</key>
			<string>System/Library/Frameworks/Security.framework</string>
			<key>sourceTree</key>
			<string>SDKROOT</string>
		</dict>
		<key>74366EC2158AAF7E00A17D8A</key>
		<dict>
			<key>isa</key>
			<string>PBXFileReference</string>
			<key>lastKnownFileType</key>
			<string>wrapper.framework</string>
			<key>name</key>
			<string>SystemConfiguration.framework</string>
			<key>path</key>
			<string>System/Library/Frameworks/SystemConfiguration.framework</string>
			<key>sourceTree</key>
			<string>SDKROOT</string>
		</dict>
		<key>74366EC3158AAF7E00A17D8A</key>
		<dict>
			<key>fileRef</key>
			<string>74366EBD158AAF7E00A17D8A</string>
			<key>isa</key>
			<string>PBXBuildFile</string>
		</dict>
		<key>74366EC4158AAF7E00A17D8A</key>
		<dict>
			<key>fileRef</key>
			<string>74366EBE158AAF7E00A17D8A</string>
			<key>isa</key>
			<string>PBXBuildFile</string>
		</dict>
		<key>74366EC5158AAF7E00A17D8A</key>
		<dict>
			<key>fileRef</key>
			<string>74366EBF158AAF7E00A17D8A</string>
			<key>isa</key>
			<string>PBXBuildFile</string>
		</dict>
		<key>74366EC6158AAF7E00A17D8A</key>
		<dict>
			<key>fileRef</key>
			<string>74366EC0158AAF7E00A17D8A</string>
			<key>isa</key>
			<string>PBXBuildFile</string>
		</dict>
		<key>74366EC7158AAF7E00A17D8A</key>
		<dict>
			<key>fileRef</key>
			<string>74366EC1158AAF7E00A17D8A</string>
			<key>isa</key>
			<string>PBXBuildFile</string>
		</dict>
		<key>74366EC8158AAF7E00A17D8A</key>
		<dict>
			<key>fileRef</key>
			<string>74366EC2158AAF7E00A17D8A</string>
			<key>isa</key>
			<string>PBXBuildFile</string>
		</dict>
		<key>74366EC9158AB00E00A17D8A</key>
		<dict>
			<key>isa</key>
			<string>PBXFileReference</string>
			<key>lastKnownFileType</key>
			<string>wrapper.framework</string>
			<key>name</key>
			<string>QuartzCore.framework</string>
			<key>path</key>
			<string>System/Library/Frameworks/QuartzCore.framework</string>
			<key>sourceTree</key>
			<string>SDKROOT</string>
		</dict>
		<key>74366ECA158AB00E00A17D8A</key>
		<dict>
			<key>fileRef</key>
			<string>74366EC9158AB00E00A17D8A</string>
			<key>isa</key>
			<string>PBXBuildFile</string>
		</dict>
		<key>74366EF6158B959200A17D8A</key>
		<dict>
			<key>children</key>
			<array>
				<string>74366EF7158B95C800A17D8A</string>
				<string>74366EF8158B95C800A17D8A</string>
				<string>F57F8D15195A751F00DAB0B8</string>
				<string>F57F8D16195A751F00DAB0B8</string>
				<string>74366F01158B973C00A17D8A</string>
				<string>74366F02158B973C00A17D8A</string>
				<string>F5228FB0193900F100D0160A</string>
			</array>
			<key>isa</key>
			<string>PBXGroup</string>
			<key>name</key>
			<string>My Views</string>
			<key>sourceTree</key>
			<string>&lt;group&gt;</string>
		</dict>
		<key>74366EF7158B95C800A17D8A</key>
		<dict>
			<key>fileEncoding</key>
			<string>4</string>
			<key>isa</key>
			<string>PBXFileReference</string>
			<key>lastKnownFileType</key>
			<string>sourcecode.c.h</string>
			<key>path</key>
			<string>MyCenterViewController.h</string>
			<key>sourceTree</key>
			<string>&lt;group&gt;</string>
		</dict>
		<key>74366EF8158B95C800A17D8A</key>
		<dict>
			<key>fileEncoding</key>
			<string>4</string>
			<key>isa</key>
			<string>PBXFileReference</string>
			<key>lastKnownFileType</key>
			<string>sourcecode.c.objc</string>
			<key>path</key>
			<string>MyCenterViewController.m</string>
			<key>sourceTree</key>
			<string>&lt;group&gt;</string>
		</dict>
		<key>74366EF9158B95C800A17D8A</key>
		<dict>
			<key>fileEncoding</key>
			<string>4</string>
			<key>isa</key>
			<string>PBXFileReference</string>
			<key>lastKnownFileType</key>
			<string>file.xib</string>
			<key>path</key>
			<string>MyCenterViewController.xib</string>
			<key>sourceTree</key>
			<string>&lt;group&gt;</string>
		</dict>
		<key>74366EFA158B95C800A17D8A</key>
		<dict>
			<key>fileRef</key>
			<string>74366EF8158B95C800A17D8A</string>
			<key>isa</key>
			<string>PBXBuildFile</string>
		</dict>
		<key>74366EFB158B95C800A17D8A</key>
		<dict>
			<key>fileRef</key>
			<string>74366EF9158B95C800A17D8A</string>
			<key>isa</key>
			<string>PBXBuildFile</string>
		</dict>
		<key>74366F01158B973C00A17D8A</key>
		<dict>
			<key>fileEncoding</key>
			<string>4</string>
			<key>isa</key>
			<string>PBXFileReference</string>
			<key>lastKnownFileType</key>
			<string>sourcecode.c.h</string>
			<key>path</key>
			<string>MyLogInViewController.h</string>
			<key>sourceTree</key>
			<string>&lt;group&gt;</string>
		</dict>
		<key>74366F02158B973C00A17D8A</key>
		<dict>
			<key>fileEncoding</key>
			<string>4</string>
			<key>isa</key>
			<string>PBXFileReference</string>
			<key>lastKnownFileType</key>
			<string>sourcecode.c.objc</string>
			<key>path</key>
			<string>MyLogInViewController.m</string>
			<key>sourceTree</key>
			<string>&lt;group&gt;</string>
		</dict>
		<key>74366F03158B973C00A17D8A</key>
		<dict>
			<key>fileRef</key>
			<string>74366F02158B973C00A17D8A</string>
			<key>isa</key>
			<string>PBXBuildFile</string>
		</dict>
		<key>747F007015951A58000F601E</key>
		<dict>
			<key>isa</key>
			<string>PBXFileReference</string>
			<key>lastKnownFileType</key>
			<string>image.png</string>
			<key>path</key>
			<string>MainBG.png</string>
			<key>sourceTree</key>
			<string>&lt;group&gt;</string>
		</dict>
		<key>747F007C15951A58000F601E</key>
		<dict>
			<key>fileRef</key>
			<string>747F007015951A58000F601E</string>
			<key>isa</key>
			<string>PBXBuildFile</string>
		</dict>
		<key>BCF606124168401A8FAA1F1B</key>
		<dict>
			<key>buildActionMask</key>
			<string>2147483647</string>
			<key>files</key>
			<array/>
			<key>inputPaths</key>
			<array/>
			<key>isa</key>
			<string>PBXShellScriptBuildPhase</string>
			<key>name</key>
			<string>Copy Pods Resources</string>
			<key>outputPaths</key>
			<array/>
			<key>runOnlyForDeploymentPostprocessing</key>
			<string>0</string>
			<key>shellPath</key>
			<string>/bin/sh</string>
			<key>shellScript</key>
			<string>"${SRCROOT}/Pods/Pods-twiz-resources.sh"
</string>
			<key>showEnvVarsInLog</key>
			<string>0</string>
		</dict>
		<key>C4BBB7B316FD2ABC003CA3F7</key>
		<dict>
			<key>isa</key>
			<string>PBXFileReference</string>
			<key>lastKnownFileType</key>
			<string>wrapper.framework</string>
			<key>name</key>
			<string>CoreLocation.framework</string>
			<key>path</key>
			<string>System/Library/Frameworks/CoreLocation.framework</string>
			<key>sourceTree</key>
			<string>SDKROOT</string>
		</dict>
		<key>C4BBB7B416FD2ABC003CA3F7</key>
		<dict>
			<key>isa</key>
			<string>PBXFileReference</string>
			<key>lastKnownFileType</key>
			<string>wrapper.framework</string>
			<key>name</key>
			<string>StoreKit.framework</string>
			<key>path</key>
			<string>System/Library/Frameworks/StoreKit.framework</string>
			<key>sourceTree</key>
			<string>SDKROOT</string>
		</dict>
		<key>C4BBB7B516FD2ABC003CA3F7</key>
		<dict>
			<key>fileRef</key>
			<string>C4BBB7B316FD2ABC003CA3F7</string>
			<key>isa</key>
			<string>PBXBuildFile</string>
		</dict>
		<key>C4BBB7B616FD2ABC003CA3F7</key>
		<dict>
			<key>fileRef</key>
			<string>C4BBB7B416FD2ABC003CA3F7</string>
			<key>isa</key>
			<string>PBXBuildFile</string>
		</dict>
		<key>C4BBB7B716FD2B0F003CA3F7</key>
		<dict>
			<key>isa</key>
			<string>PBXFileReference</string>
			<key>lastKnownFileType</key>
			<string>wrapper.framework</string>
			<key>name</key>
			<string>Accounts.framework</string>
			<key>path</key>
			<string>System/Library/Frameworks/Accounts.framework</string>
			<key>sourceTree</key>
			<string>SDKROOT</string>
		</dict>
		<key>C4BBB7B816FD2B0F003CA3F7</key>
		<dict>
			<key>isa</key>
			<string>PBXFileReference</string>
			<key>lastKnownFileType</key>
			<string>wrapper.framework</string>
			<key>name</key>
			<string>AdSupport.framework</string>
			<key>path</key>
			<string>System/Library/Frameworks/AdSupport.framework</string>
			<key>sourceTree</key>
			<string>SDKROOT</string>
		</dict>
		<key>C4BBB7B916FD2B0F003CA3F7</key>
		<dict>
			<key>isa</key>
			<string>PBXFileReference</string>
			<key>lastKnownFileType</key>
			<string>wrapper.framework</string>
			<key>name</key>
			<string>Social.framework</string>
			<key>path</key>
			<string>System/Library/Frameworks/Social.framework</string>
			<key>sourceTree</key>
			<string>SDKROOT</string>
		</dict>
		<key>C4BBB7BA16FD2B0F003CA3F7</key>
		<dict>
			<key>fileRef</key>
			<string>C4BBB7B716FD2B0F003CA3F7</string>
			<key>isa</key>
			<string>PBXBuildFile</string>
			<key>settings</key>
			<dict>
				<key>ATTRIBUTES</key>
				<array>
					<string>Weak</string>
				</array>
			</dict>
		</dict>
		<key>C4BBB7BB16FD2B0F003CA3F7</key>
		<dict>
			<key>fileRef</key>
			<string>C4BBB7B816FD2B0F003CA3F7</string>
			<key>isa</key>
			<string>PBXBuildFile</string>
			<key>settings</key>
			<dict>
				<key>ATTRIBUTES</key>
				<array>
					<string>Weak</string>
				</array>
			</dict>
		</dict>
		<key>C4BBB7BC16FD2B0F003CA3F7</key>
		<dict>
			<key>fileRef</key>
			<string>C4BBB7B916FD2B0F003CA3F7</string>
			<key>isa</key>
			<string>PBXBuildFile</string>
			<key>settings</key>
			<dict>
				<key>ATTRIBUTES</key>
				<array>
					<string>Weak</string>
				</array>
			</dict>
		</dict>
		<key>C4BBB7BD16FD2B7D003CA3F7</key>
		<dict>
			<key>isa</key>
			<string>PBXFileReference</string>
			<key>lastKnownFileType</key>
			<string>compiled.mach-o.dylib</string>
			<key>name</key>
			<string>libsqlite3.0.dylib</string>
			<key>path</key>
			<string>usr/lib/libsqlite3.0.dylib</string>
			<key>sourceTree</key>
			<string>SDKROOT</string>
		</dict>
		<key>C4BBB7BE16FD2B7D003CA3F7</key>
		<dict>
			<key>fileRef</key>
			<string>C4BBB7BD16FD2B7D003CA3F7</string>
			<key>isa</key>
			<string>PBXBuildFile</string>
		</dict>
		<key>C4BBB7BF16FD2D73003CA3F7</key>
		<dict>
			<key>isa</key>
			<string>PBXFileReference</string>
			<key>lastKnownFileType</key>
			<string>image.png</string>
			<key>path</key>
			<string>Default@2x.png</string>
			<key>sourceTree</key>
			<string>&lt;group&gt;</string>
		</dict>
		<key>C4BBB7C016FD2D73003CA3F7</key>
		<dict>
			<key>isa</key>
			<string>PBXFileReference</string>
			<key>lastKnownFileType</key>
			<string>image.png</string>
			<key>path</key>
			<string>Default.png</string>
			<key>sourceTree</key>
			<string>&lt;group&gt;</string>
		</dict>
		<key>C4BBB7C116FD2D73003CA3F7</key>
		<dict>
			<key>isa</key>
			<string>PBXFileReference</string>
			<key>lastKnownFileType</key>
			<string>image.png</string>
			<key>path</key>
			<string>Default-568h@2x.png</string>
			<key>sourceTree</key>
			<string>&lt;group&gt;</string>
		</dict>
		<key>C4BBB7C216FD2D73003CA3F7</key>
		<dict>
			<key>fileRef</key>
			<string>C4BBB7BF16FD2D73003CA3F7</string>
			<key>isa</key>
			<string>PBXBuildFile</string>
		</dict>
		<key>C4BBB7C316FD2D73003CA3F7</key>
		<dict>
			<key>fileRef</key>
			<string>C4BBB7C016FD2D73003CA3F7</string>
			<key>isa</key>
			<string>PBXBuildFile</string>
		</dict>
		<key>C4BBB7C416FD2D73003CA3F7</key>
		<dict>
			<key>fileRef</key>
			<string>C4BBB7C116FD2D73003CA3F7</string>
			<key>isa</key>
			<string>PBXBuildFile</string>
		</dict>
		<key>C4FD613517286AC800F61563</key>
		<dict>
			<key>isa</key>
			<string>PBXFileReference</string>
			<key>lastKnownFileType</key>
			<string>image.png</string>
			<key>name</key>
			<string>Icon.png</string>
			<key>path</key>
			<string>../Icon.png</string>
			<key>sourceTree</key>
			<string>&lt;group&gt;</string>
		</dict>
		<key>C4FD613617286AC800F61563</key>
		<dict>
			<key>fileRef</key>
			<string>C4FD613517286AC800F61563</string>
			<key>isa</key>
			<string>PBXBuildFile</string>
		</dict>
		<key>C4FD613717286ACD00F61563</key>
		<dict>
			<key>isa</key>
			<string>PBXFileReference</string>
			<key>lastKnownFileType</key>
			<string>image.png</string>
			<key>name</key>
			<string>Icon@2x.png</string>
			<key>path</key>
			<string>../Icon@2x.png</string>
			<key>sourceTree</key>
			<string>&lt;group&gt;</string>
		</dict>
		<key>C4FD613817286ACD00F61563</key>
		<dict>
			<key>fileRef</key>
			<string>C4FD613717286ACD00F61563</string>
			<key>isa</key>
			<string>PBXBuildFile</string>
		</dict>
		<key>F50C4D8919450D480041971F</key>
		<dict>
			<key>fileEncoding</key>
			<string>4</string>
			<key>isa</key>
			<string>PBXFileReference</string>
			<key>lastKnownFileType</key>
			<string>sourcecode.c.h</string>
			<key>path</key>
			<string>MyTwitterController.h</string>
			<key>sourceTree</key>
			<string>&lt;group&gt;</string>
		</dict>
		<key>F50C4D8A19450D480041971F</key>
		<dict>
			<key>fileEncoding</key>
			<string>4</string>
			<key>isa</key>
			<string>PBXFileReference</string>
			<key>lastKnownFileType</key>
			<string>sourcecode.c.objc</string>
			<key>path</key>
			<string>MyTwitterController.m</string>
			<key>sourceTree</key>
			<string>&lt;group&gt;</string>
		</dict>
		<key>F50C4D8B19450D480041971F</key>
		<dict>
			<key>fileRef</key>
			<string>F50C4D8A19450D480041971F</string>
			<key>isa</key>
			<string>PBXBuildFile</string>
		</dict>
		<key>F5228FA31938F58500D0160A</key>
		<dict>
			<key>isa</key>
			<string>PBXFileReference</string>
			<key>lastKnownFileType</key>
			<string>file</string>
			<key>name</key>
			<string>MuseoSansRounded-100.otf</string>
			<key>path</key>
			<string>../../../../../../../Volumes/Macintosh HD/Users/johndangerstorey/Documents/Stock/Fonts/MuseoSansRounded-100.otf</string>
			<key>sourceTree</key>
			<string>&lt;group&gt;</string>
		</dict>
		<key>F5228FA41938F58500D0160A</key>
		<dict>
			<key>isa</key>
			<string>PBXFileReference</string>
			<key>lastKnownFileType</key>
			<string>file</string>
			<key>name</key>
			<string>MuseoSansRounded-300.otf</string>
			<key>path</key>
			<string>../../../../../../../Volumes/Macintosh HD/Users/johndangerstorey/Documents/Stock/Fonts/MuseoSansRounded-300.otf</string>
			<key>sourceTree</key>
			<string>&lt;group&gt;</string>
		</dict>
		<key>F5228FA51938F58500D0160A</key>
		<dict>
			<key>isa</key>
			<string>PBXFileReference</string>
			<key>lastKnownFileType</key>
			<string>file</string>
			<key>name</key>
			<string>MuseoSansRounded-500.otf</string>
			<key>path</key>
			<string>../../../../../../../Volumes/Macintosh HD/Users/johndangerstorey/Documents/Stock/Fonts/MuseoSansRounded-500.otf</string>
			<key>sourceTree</key>
			<string>&lt;group&gt;</string>
		</dict>
		<key>F5228FA61938F58500D0160A</key>
		<dict>
			<key>isa</key>
			<string>PBXFileReference</string>
			<key>lastKnownFileType</key>
			<string>file</string>
			<key>name</key>
			<string>MuseoSansRounded-900.otf</string>
			<key>path</key>
			<string>../../../../../../../Volumes/Macintosh HD/Users/johndangerstorey/Documents/Stock/Fonts/MuseoSansRounded-900.otf</string>
			<key>sourceTree</key>
			<string>&lt;group&gt;</string>
		</dict>
		<key>F5228FA71938F5D400D0160A</key>
		<dict>
			<key>fileRef</key>
			<string>F5228FA31938F58500D0160A</string>
			<key>isa</key>
			<string>PBXBuildFile</string>
		</dict>
		<key>F5228FA81938F5D400D0160A</key>
		<dict>
			<key>fileRef</key>
			<string>F5228FA41938F58500D0160A</string>
			<key>isa</key>
			<string>PBXBuildFile</string>
		</dict>
		<key>F5228FA91938F5D400D0160A</key>
		<dict>
			<key>fileRef</key>
			<string>F5228FA51938F58500D0160A</string>
			<key>isa</key>
			<string>PBXBuildFile</string>
		</dict>
		<key>F5228FAA1938F5D400D0160A</key>
		<dict>
			<key>fileRef</key>
			<string>F5228FA61938F58500D0160A</string>
			<key>isa</key>
			<string>PBXBuildFile</string>
		</dict>
		<key>F5228FAD193900DA00D0160A</key>
		<dict>
			<key>fileEncoding</key>
			<string>4</string>
			<key>isa</key>
			<string>PBXFileReference</string>
			<key>lastKnownFileType</key>
			<string>file.xib</string>
			<key>path</key>
			<string>MyPlayViewController.xib</string>
			<key>sourceTree</key>
			<string>&lt;group&gt;</string>
		</dict>
		<key>F5228FAF193900DA00D0160A</key>
		<dict>
			<key>fileRef</key>
			<string>F5228FAD193900DA00D0160A</string>
			<key>isa</key>
			<string>PBXBuildFile</string>
		</dict>
		<key>F5228FB0193900F100D0160A</key>
		<dict>
			<key>children</key>
			<array>
				<string>F5228FAD193900DA00D0160A</string>
				<string>74366EF9158B95C800A17D8A</string>
			</array>
			<key>isa</key>
			<string>PBXGroup</string>
			<key>name</key>
			<string>XIB</string>
			<key>sourceTree</key>
			<string>&lt;group&gt;</string>
		</dict>
		<key>F5229047193ED5B300D0160A</key>
		<dict>
			<key>isa</key>
			<string>PBXFileReference</string>
			<key>lastKnownFileType</key>
			<string>image.png</string>
			<key>path</key>
			<string>loginWithTwitterBtn.png</string>
			<key>sourceTree</key>
			<string>&lt;group&gt;</string>
		</dict>
		<key>F5229048193ED5B400D0160A</key>
		<dict>
			<key>fileRef</key>
			<string>F5229047193ED5B300D0160A</string>
			<key>isa</key>
			<string>PBXBuildFile</string>
		</dict>
		<key>F5229049193EDBC700D0160A</key>
		<dict>
			<key>children</key>
			<array>
				<string>F5229055193EDDF400D0160A</string>
				<string>F5229056193EDDF400D0160A</string>
				<string>F5229057193EDDF400D0160A</string>
				<string>F5229058193EDDF400D0160A</string>
				<string>F5229059193EDDF400D0160A</string>
				<string>F522905A193EDDF400D0160A</string>
				<string>F522905B193EDDF400D0160A</string>
				<string>F522905C193EDDF400D0160A</string>
				<string>F522904A193EDBC700D0160A</string>
				<string>F522904B193EDBC700D0160A</string>
				<string>F522904C193EDBC700D0160A</string>
				<string>F522904D193EDBC700D0160A</string>
			</array>
			<key>isa</key>
			<string>PBXGroup</string>
			<key>name</key>
			<string>JASidePanels</string>
			<key>path</key>
			<string>Source</string>
			<key>sourceTree</key>
			<string>&lt;group&gt;</string>
		</dict>
		<key>F522904A193EDBC700D0160A</key>
		<dict>
			<key>fileEncoding</key>
			<string>4</string>
			<key>isa</key>
			<string>PBXFileReference</string>
			<key>lastKnownFileType</key>
			<string>sourcecode.c.h</string>
			<key>path</key>
			<string>JASidePanelController.h</string>
			<key>sourceTree</key>
			<string>&lt;group&gt;</string>
		</dict>
		<key>F522904B193EDBC700D0160A</key>
		<dict>
			<key>fileEncoding</key>
			<string>4</string>
			<key>isa</key>
			<string>PBXFileReference</string>
			<key>lastKnownFileType</key>
			<string>sourcecode.c.objc</string>
			<key>path</key>
			<string>JASidePanelController.m</string>
			<key>sourceTree</key>
			<string>&lt;group&gt;</string>
		</dict>
		<key>F522904C193EDBC700D0160A</key>
		<dict>
			<key>fileEncoding</key>
			<string>4</string>
			<key>isa</key>
			<string>PBXFileReference</string>
			<key>lastKnownFileType</key>
			<string>sourcecode.c.h</string>
			<key>path</key>
			<string>UIViewController+JASidePanel.h</string>
			<key>sourceTree</key>
			<string>&lt;group&gt;</string>
		</dict>
		<key>F522904D193EDBC700D0160A</key>
		<dict>
			<key>fileEncoding</key>
			<string>4</string>
			<key>isa</key>
			<string>PBXFileReference</string>
			<key>lastKnownFileType</key>
			<string>sourcecode.c.objc</string>
			<key>path</key>
			<string>UIViewController+JASidePanel.m</string>
			<key>sourceTree</key>
			<string>&lt;group&gt;</string>
		</dict>
		<key>F522904E193EDBC700D0160A</key>
		<dict>
			<key>fileRef</key>
			<string>F522904B193EDBC700D0160A</string>
			<key>isa</key>
			<string>PBXBuildFile</string>
		</dict>
		<key>F522904F193EDBC700D0160A</key>
		<dict>
			<key>fileRef</key>
			<string>F522904D193EDBC700D0160A</string>
			<key>isa</key>
			<string>PBXBuildFile</string>
		</dict>
		<key>F5229055193EDDF400D0160A</key>
		<dict>
			<key>fileEncoding</key>
			<string>4</string>
			<key>isa</key>
			<string>PBXFileReference</string>
			<key>lastKnownFileType</key>
			<string>sourcecode.c.h</string>
			<key>path</key>
			<string>JADebugViewController.h</string>
			<key>sourceTree</key>
			<string>&lt;group&gt;</string>
		</dict>
		<key>F5229056193EDDF400D0160A</key>
		<dict>
			<key>fileEncoding</key>
			<string>4</string>
			<key>isa</key>
			<string>PBXFileReference</string>
			<key>lastKnownFileType</key>
			<string>sourcecode.c.objc</string>
			<key>path</key>
			<string>JADebugViewController.m</string>
			<key>sourceTree</key>
			<string>&lt;group&gt;</string>
		</dict>
		<key>F5229057193EDDF400D0160A</key>
		<dict>
			<key>fileEncoding</key>
			<string>4</string>
			<key>isa</key>
			<string>PBXFileReference</string>
			<key>lastKnownFileType</key>
			<string>sourcecode.c.h</string>
			<key>path</key>
			<string>JALeftViewController.h</string>
			<key>sourceTree</key>
			<string>&lt;group&gt;</string>
		</dict>
		<key>F5229058193EDDF400D0160A</key>
		<dict>
			<key>fileEncoding</key>
			<string>4</string>
			<key>isa</key>
			<string>PBXFileReference</string>
			<key>lastKnownFileType</key>
			<string>sourcecode.c.objc</string>
			<key>path</key>
			<string>JALeftViewController.m</string>
			<key>sourceTree</key>
			<string>&lt;group&gt;</string>
		</dict>
		<key>F5229059193EDDF400D0160A</key>
		<dict>
			<key>fileEncoding</key>
			<string>4</string>
			<key>isa</key>
			<string>PBXFileReference</string>
			<key>lastKnownFileType</key>
			<string>sourcecode.c.h</string>
			<key>path</key>
			<string>JARightViewController.h</string>
			<key>sourceTree</key>
			<string>&lt;group&gt;</string>
		</dict>
		<key>F522905A193EDDF400D0160A</key>
		<dict>
			<key>fileEncoding</key>
			<string>4</string>
			<key>isa</key>
			<string>PBXFileReference</string>
			<key>lastKnownFileType</key>
			<string>sourcecode.c.objc</string>
			<key>path</key>
			<string>JARightViewController.m</string>
			<key>sourceTree</key>
			<string>&lt;group&gt;</string>
		</dict>
		<key>F522905B193EDDF400D0160A</key>
		<dict>
			<key>fileEncoding</key>
			<string>4</string>
			<key>isa</key>
			<string>PBXFileReference</string>
			<key>lastKnownFileType</key>
			<string>text.plist.xml</string>
			<key>path</key>
			<string>JASidePanels-Info.plist</string>
			<key>sourceTree</key>
			<string>&lt;group&gt;</string>
		</dict>
		<key>F522905C193EDDF400D0160A</key>
		<dict>
			<key>fileEncoding</key>
			<string>4</string>
			<key>isa</key>
			<string>PBXFileReference</string>
			<key>lastKnownFileType</key>
			<string>sourcecode.c.h</string>
			<key>path</key>
			<string>JASidePanels-Prefix.pch</string>
			<key>sourceTree</key>
			<string>&lt;group&gt;</string>
		</dict>
		<key>F522905E193EDDF400D0160A</key>
		<dict>
			<key>fileRef</key>
			<string>F5229056193EDDF400D0160A</string>
			<key>isa</key>
			<string>PBXBuildFile</string>
		</dict>
		<key>F522905F193EDDF400D0160A</key>
		<dict>
			<key>fileRef</key>
			<string>F5229058193EDDF400D0160A</string>
			<key>isa</key>
			<string>PBXBuildFile</string>
		</dict>
		<key>F5229060193EDDF400D0160A</key>
		<dict>
			<key>fileRef</key>
			<string>F522905A193EDDF400D0160A</string>
			<key>isa</key>
			<string>PBXBuildFile</string>
		</dict>
		<key>F5229061193EDDF400D0160A</key>
		<dict>
			<key>fileRef</key>
			<string>F522905B193EDDF400D0160A</string>
			<key>isa</key>
			<string>PBXBuildFile</string>
		</dict>
		<key>F57F8D13195A738600DAB0B8</key>
		<dict>
			<key>isa</key>
			<string>PBXFileReference</string>
			<key>lastKnownFileType</key>
			<string>image.png</string>
			<key>path</key>
			<string>johnD.png</string>
			<key>sourceTree</key>
			<string>&lt;group&gt;</string>
		</dict>
		<key>F57F8D14195A738600DAB0B8</key>
		<dict>
			<key>fileRef</key>
			<string>F57F8D13195A738600DAB0B8</string>
			<key>isa</key>
			<string>PBXBuildFile</string>
		</dict>
		<key>F57F8D15195A751F00DAB0B8</key>
		<dict>
			<key>fileEncoding</key>
			<string>4</string>
			<key>isa</key>
			<string>PBXFileReference</string>
			<key>lastKnownFileType</key>
			<string>sourcecode.c.h</string>
			<key>path</key>
			<string>MyCenterViewController+Style.h</string>
			<key>sourceTree</key>
			<string>&lt;group&gt;</string>
		</dict>
		<key>F57F8D16195A751F00DAB0B8</key>
		<dict>
			<key>fileEncoding</key>
			<string>4</string>
			<key>isa</key>
			<string>PBXFileReference</string>
			<key>lastKnownFileType</key>
			<string>sourcecode.c.objc</string>
			<key>path</key>
			<string>MyCenterViewController+Style.m</string>
			<key>sourceTree</key>
			<string>&lt;group&gt;</string>
		</dict>
		<key>F57F8D17195A751F00DAB0B8</key>
		<dict>
			<key>fileRef</key>
			<string>F57F8D16195A751F00DAB0B8</string>
			<key>isa</key>
			<string>PBXBuildFile</string>
		</dict>
		<key>F5DAC79F19514DBC00CBE038</key>
		<dict>
			<key>fileEncoding</key>
			<string>4</string>
			<key>isa</key>
			<string>PBXFileReference</string>
			<key>lastKnownFileType</key>
			<string>sourcecode.c.h</string>
			<key>path</key>
			<string>MyActiveTweet.h</string>
			<key>sourceTree</key>
			<string>&lt;group&gt;</string>
		</dict>
		<key>F5DAC7A019514DBC00CBE038</key>
		<dict>
			<key>fileEncoding</key>
			<string>4</string>
			<key>isa</key>
			<string>PBXFileReference</string>
			<key>lastKnownFileType</key>
			<string>sourcecode.c.objc</string>
			<key>path</key>
			<string>MyActiveTweet.m</string>
			<key>sourceTree</key>
			<string>&lt;group&gt;</string>
		</dict>
		<key>F5DAC7A119514DBC00CBE038</key>
		<dict>
			<key>fileRef</key>
			<string>F5DAC7A019514DBC00CBE038</string>
			<key>isa</key>
			<string>PBXBuildFile</string>
		</dict>
		<key>F5DAC7A219514DD300CBE038</key>
		<dict>
			<key>children</key>
			<array>
				<string>F5DAC79F19514DBC00CBE038</string>
				<string>F5DAC7A019514DBC00CBE038</string>
				<string>F50C4D8919450D480041971F</string>
				<string>F50C4D8A19450D480041971F</string>
				<string>F5DAC7A319514E0900CBE038</string>
				<string>F5DAC7A419514E0900CBE038</string>
			</array>
			<key>isa</key>
			<string>PBXGroup</string>
			<key>name</key>
			<string>Model</string>
			<key>sourceTree</key>
			<string>&lt;group&gt;</string>
		</dict>
		<key>F5DAC7A319514E0900CBE038</key>
		<dict>
			<key>fileEncoding</key>
			<string>4</string>
			<key>isa</key>
			<string>PBXFileReference</string>
			<key>lastKnownFileType</key>
			<string>sourcecode.c.h</string>
			<key>path</key>
			<string>MyConstants.h</string>
			<key>sourceTree</key>
			<string>&lt;group&gt;</string>
		</dict>
		<key>F5DAC7A419514E0900CBE038</key>
		<dict>
			<key>fileEncoding</key>
			<string>4</string>
			<key>isa</key>
			<string>PBXFileReference</string>
			<key>lastKnownFileType</key>
			<string>sourcecode.c.objc</string>
			<key>path</key>
			<string>MyConstants.m</string>
			<key>sourceTree</key>
			<string>&lt;group&gt;</string>
		</dict>
		<key>F5DAC7A519514E0900CBE038</key>
		<dict>
			<key>fileRef</key>
			<string>F5DAC7A419514E0900CBE038</string>
			<key>isa</key>
			<string>PBXBuildFile</string>
		</dict>
		<key>F5DAC8A1195A25AE00CBE038</key>
		<dict>
			<key>isa</key>
			<string>PBXFileReference</string>
			<key>lastKnownFileType</key>
			<string>image.jpeg</string>
			<key>path</key>
			<string>johnD.jpeg</string>
			<key>sourceTree</key>
			<string>&lt;group&gt;</string>
		</dict>
		<key>F5DAC8A2195A25AE00CBE038</key>
		<dict>
			<key>fileRef</key>
			<string>F5DAC8A1195A25AE00CBE038</string>
			<key>isa</key>
			<string>PBXBuildFile</string>
		</dict>
	</dict>
	<key>rootObject</key>
	<string>74366E99158AAE0F00A17D8A</string>
</dict>
</plist>
